{
  "name": "cow-says-moo-sheets",
  "lockfileVersion": 3,
  "requires": true,
  "packages": {
    "": {
      "devDependencies": {
        "@types/gapi.client.firestore-v1": "^0.0.4",
        "@types/google-apps-script": "^1.0.86"
      }
    },
    "node_modules/@maxim_mazurok/gapi.client.discovery-v1": {
      "version": "0.1.20200806",
      "resolved": "https://registry.npmjs.org/@maxim_mazurok/gapi.client.discovery-v1/-/gapi.client.discovery-v1-0.1.20200806.tgz",
      "integrity": "sha512-Wl6UfmZVDdWbY3PUu8E2ULk9RPLjnMqp/iOA4tcK8Ne+U/GmlnWP/e34IaZNGArfl7iXJNOG+/3Rj9L9jQyF9Q==",
      "dev": true,
      "license": "MIT",
      "dependencies": {
        "@types/gapi.client": "*",
        "@types/gapi.client.discovery-v1": "*"
      }
    },
    "node_modules/@maxim_mazurok/gapi.client.firestore-v1": {
      "version": "0.0.20241114",
      "resolved": "https://registry.npmjs.org/@maxim_mazurok/gapi.client.firestore-v1/-/gapi.client.firestore-v1-0.0.20241114.tgz",
      "integrity": "sha512-nvL23u863JcNh1wHcxYkSfgNVty85RA+dtp9LS+BBzOFAup3M7IDdtIK2czgaq5mwgX1o9c30+NyoYzevQ98Rg==",
      "dev": true,
      "license": "MIT",
      "dependencies": {
        "@types/gapi.client": "*",
        "@types/gapi.client.discovery-v1": "*"
      }
    },
    "node_modules/@types/gapi.client": {
      "version": "1.0.8",
      "resolved": "https://registry.npmjs.org/@types/gapi.client/-/gapi.client-1.0.8.tgz",
      "integrity": "sha512-qJQUmmumbYym3Amax0S8CVzuSngcXsC1fJdwRS2zeW5lM63zXkw4wJFP+bG0jzgi0R6EsJKoHnGNVTDbOyG1ng==",
      "dev": true,
      "license": "MIT"
    },
    "node_modules/@types/gapi.client.discovery-v1": {
      "version": "0.0.4",
      "resolved": "https://registry.npmjs.org/@types/gapi.client.discovery-v1/-/gapi.client.discovery-v1-0.0.4.tgz",
      "integrity": "sha512-uevhRumNE65F5mf2gABLaReOmbFSXONuzFZjNR3dYv6BmkHg+wciubHrfBAsp3554zNo3Dcg6dUAlwMqQfpwjQ==",
      "dev": true,
      "license": "MIT",
      "dependencies": {
        "@maxim_mazurok/gapi.client.discovery-v1": "latest"
      }
    },
    "node_modules/@types/gapi.client.firestore-v1": {
      "version": "0.0.4",
      "resolved": "https://registry.npmjs.org/@types/gapi.client.firestore-v1/-/gapi.client.firestore-v1-0.0.4.tgz",
      "integrity": "sha512-vFGxtkymx5GxT5ZXcsAbmFnzU5E+uEZhwFtPbxKSYmUyFqDqk16HYNkMeFje5paNP/6gghFxfNuF+BVthYb84Q==",
      "dev": true,
      "license": "MIT",
      "dependencies": {
        "@maxim_mazurok/gapi.client.firestore-v1": "latest"
      }
    },
    "node_modules/@types/google-apps-script": {
      "version": "1.0.86",
      "resolved": "https://registry.npmjs.org/@types/google-apps-script/-/google-apps-script-1.0.86.tgz",
      "integrity": "sha512-w0tLty8vpApjIp+czorfcoY9k1nZSdQsg6lru3ZV6EWdNyXNsetIZPQnvBIihENAhcGwlogiDKx8z/57NYB3jA==",
      "dev": true,
      "license": "MIT"
    }
  }
}
